
Microsoft Visual Studio Solution File, Format Version 12.00
# Visual Studio Version 16
VisualStudioVersion = 16.0.32630.194
MinimumVisualStudioVersion = 10.0.40219.1
Project("{FAE04EC0-301F-11D3-BF4B-00C04F79EFBC}") = "BAGeocoding.Utility", "BAGeocoding.Utility\BAGeocoding.Utility.csproj", "{CBC9202C-7A7B-4F6B-BDBC-65B78241E30C}"
EndProject
Project("{FAE04EC0-301F-11D3-BF4B-00C04F79EFBC}") = "BAGeocoding.Entity", "BAGeocoding.Entity\BAGeocoding.Entity.csproj", "{C4B57507-129B-4CA7-96DA-ECA495A8EAAF}"
EndProject
Project("{FAE04EC0-301F-11D3-BF4B-00C04F79EFBC}") = "BAGeocoding.Dal", "BAGeocoding.Dal\BAGeocoding.Dal.csproj", "{E9FF16C7-0587-414C-A0CA-2C0250150966}"
EndProject
Project("{FAE04EC0-301F-11D3-BF4B-00C04F79EFBC}") = "BAGeocoding.Bll", "BAGeocoding.Bll\BAGeocoding.Bll.csproj", "{46B3F92A-C438-4CC2-8B7A-BA485BCEF1DF}"
EndProject
Project("{FAE04EC0-301F-11D3-BF4B-00C04F79EFBC}") = "BAGeocoding.Api", "BAGeocoding.Api\BAGeocoding.Api.csproj", "{A6748306-B67A-4B0B-8270-B41A44A8FB31}"
EndProject
Global
	GlobalSection(SolutionConfigurationPlatforms) = preSolution
		Debug|Any CPU = Debug|Any CPU
		Release|Any CPU = Release|Any CPU
	EndGlobalSection
	GlobalSection(ProjectConfigurationPlatforms) = postSolution
		{CBC9202C-7A7B-4F6B-BDBC-65B78241E30C}.Debug|Any CPU.ActiveCfg = Debug|Any CPU
		{CBC9202C-7A7B-4F6B-BDBC-65B78241E30C}.Debug|Any CPU.Build.0 = Debug|Any CPU
		{CBC9202C-7A7B-4F6B-BDBC-65B78241E30C}.Release|Any CPU.ActiveCfg = Release|Any CPU
		{CBC9202C-7A7B-4F6B-BDBC-65B78241E30C}.Release|Any CPU.Build.0 = Release|Any CPU
		{C4B57507-129B-4CA7-96DA-ECA495A8EAAF}.Debug|Any CPU.ActiveCfg = Debug|Any CPU
		{C4B57507-129B-4CA7-96DA-ECA495A8EAAF}.Debug|Any CPU.Build.0 = Debug|Any CPU
		{C4B57507-129B-4CA7-96DA-ECA495A8EAAF}.Release|Any CPU.ActiveCfg = Release|Any CPU
		{C4B57507-129B-4CA7-96DA-ECA495A8EAAF}.Release|Any CPU.Build.0 = Release|Any CPU
		{E9FF16C7-0587-414C-A0CA-2C0250150966}.Debug|Any CPU.ActiveCfg = Debug|Any CPU
		{E9FF16C7-0587-414C-A0CA-2C0250150966}.Debug|Any CPU.Build.0 = Debug|Any CPU
		{E9FF16C7-0587-414C-A0CA-2C0250150966}.Release|Any CPU.ActiveCfg = Release|Any CPU
		{E9FF16C7-0587-414C-A0CA-2C0250150966}.Release|Any CPU.Build.0 = Release|Any CPU
		{46B3F92A-C438-4CC2-8B7A-BA485BCEF1DF}.Debug|Any CPU.ActiveCfg = Debug|Any CPU
		{46B3F92A-C438-4CC2-8B7A-BA485BCEF1DF}.Debug|Any CPU.Build.0 = Debug|Any CPU
		{46B3F92A-C438-4CC2-8B7A-BA485BCEF1DF}.Release|Any CPU.ActiveCfg = Release|Any CPU
		{46B3F92A-C438-4CC2-8B7A-BA485BCEF1DF}.Release|Any CPU.Build.0 = Release|Any CPU
		{A6748306-B67A-4B0B-8270-B41A44A8FB31}.Debug|Any CPU.ActiveCfg = Debug|Any CPU
		{A6748306-B67A-4B0B-8270-B41A44A8FB31}.Debug|Any CPU.Build.0 = Debug|Any CPU
		{A6748306-B67A-4B0B-8270-B41A44A8FB31}.Release|Any CPU.ActiveCfg = Release|Any CPU
		{A6748306-B67A-4B0B-8270-B41A44A8FB31}.Release|Any CPU.Build.0 = Release|Any CPU
	EndGlobalSection
	GlobalSection(SolutionProperties) = preSolution
		HideSolutionNode = FALSE
	EndGlobalSection
	GlobalSection(ExtensibilityGlobals) = postSolution
		SolutionGuid = {2287207A-3165-45A5-AC21-6C0325049267}
	EndGlobalSection
EndGlobal
